// !$*UTF8*$!
{
	archiveVersion = 1;
	classes = {
	};
	objectVersion = 51;
	objects = {

/* Begin PBXBuildFile section */
		2F1E13E0245845E9003E8B32 /* Beer.swift in Sources */ = {isa = PBXBuildFile; fileRef = 2F1E13DF245845E9003E8B32 /* Beer.swift */; };
		2F1E13E4245893B5003E8B32 /* Check-insViewController.swift in Sources */ = {isa = PBXBuildFile; fileRef = 2F1E13E3245893B5003E8B32 /* Check-insViewController.swift */; };
		2F204E3D24561E9E00152910 /* TabBarViewController.swift in Sources */ = {isa = PBXBuildFile; fileRef = 2F204E3C24561E9E00152910 /* TabBarViewController.swift */; };
		2F49405324565B0A00798257 /* BeersViewController.swift in Sources */ = {isa = PBXBuildFile; fileRef = 2F49405224565B0A00798257 /* BeersViewController.swift */; };
		2F49405924565CF100798257 /* WishlistViewController.swift in Sources */ = {isa = PBXBuildFile; fileRef = 2F49405824565CF100798257 /* WishlistViewController.swift */; };
		2F49405B24565D1800798257 /* ChallengesViewController.swift in Sources */ = {isa = PBXBuildFile; fileRef = 2F49405A24565D1800798257 /* ChallengesViewController.swift */; };
		2F49405D24565D2300798257 /* ProfileViewController.swift in Sources */ = {isa = PBXBuildFile; fileRef = 2F49405C24565D2300798257 /* ProfileViewController.swift */; };
		2F5BFBC02446FA0A00C3F894 /* AppDelegate.swift in Sources */ = {isa = PBXBuildFile; fileRef = 2F5BFBBF2446FA0A00C3F894 /* AppDelegate.swift */; };
		2F5BFBC22446FA0A00C3F894 /* SceneDelegate.swift in Sources */ = {isa = PBXBuildFile; fileRef = 2F5BFBC12446FA0A00C3F894 /* SceneDelegate.swift */; };
		2F5BFBC42446FA0A00C3F894 /* ViewController.swift in Sources */ = {isa = PBXBuildFile; fileRef = 2F5BFBC32446FA0A00C3F894 /* ViewController.swift */; };
		2F5BFBC72446FA0A00C3F894 /* Main.storyboard in Resources */ = {isa = PBXBuildFile; fileRef = 2F5BFBC52446FA0A00C3F894 /* Main.storyboard */; };
		2F5BFBC92446FA0C00C3F894 /* Assets.xcassets in Resources */ = {isa = PBXBuildFile; fileRef = 2F5BFBC82446FA0C00C3F894 /* Assets.xcassets */; };
		2F5BFBCC2446FA0C00C3F894 /* LaunchScreen.storyboard in Resources */ = {isa = PBXBuildFile; fileRef = 2F5BFBCA2446FA0C00C3F894 /* LaunchScreen.storyboard */; };
		2F5BFBD42446FA5100C3F894 /* GoogleService-Info.plist in Resources */ = {isa = PBXBuildFile; fileRef = 2F5BFBD32446FA5000C3F894 /* GoogleService-Info.plist */; };
		2F5BFBD92447082000C3F894 /* LoginViewController.swift in Sources */ = {isa = PBXBuildFile; fileRef = 2F5BFBD82447082000C3F894 /* LoginViewController.swift */; };
		2F5BFBDB2447082F00C3F894 /* SignupViewController.swift in Sources */ = {isa = PBXBuildFile; fileRef = 2F5BFBDA2447082F00C3F894 /* SignupViewController.swift */; };
		2F5BFBDE244719A400C3F894 /* Constants.swift in Sources */ = {isa = PBXBuildFile; fileRef = 2F5BFBDD244719A400C3F894 /* Constants.swift */; };
		94E132FC5C9DBB3768DA5D08 /* Pods_BeerTracker.framework in Frameworks */ = {isa = PBXBuildFile; fileRef = AE434DED4D8FB5A2B494036F /* Pods_BeerTracker.framework */; };
/* End PBXBuildFile section */

/* Begin PBXFileReference section */
		2F1E13DF245845E9003E8B32 /* Beer.swift */ = {isa = PBXFileReference; lastKnownFileType = sourcecode.swift; path = Beer.swift; sourceTree = "<group>"; };
		2F1E13E3245893B5003E8B32 /* Check-insViewController.swift */ = {isa = PBXFileReference; fileEncoding = 4; lastKnownFileType = sourcecode.swift; path = "Check-insViewController.swift"; sourceTree = "<group>"; };
		2F204E3C24561E9E00152910 /* TabBarViewController.swift */ = {isa = PBXFileReference; lastKnownFileType = sourcecode.swift; path = TabBarViewController.swift; sourceTree = "<group>"; };
		2F49405224565B0A00798257 /* BeersViewController.swift */ = {isa = PBXFileReference; lastKnownFileType = sourcecode.swift; path = BeersViewController.swift; sourceTree = "<group>"; };
		2F49405824565CF100798257 /* WishlistViewController.swift */ = {isa = PBXFileReference; lastKnownFileType = sourcecode.swift; path = WishlistViewController.swift; sourceTree = "<group>"; };
		2F49405A24565D1800798257 /* ChallengesViewController.swift */ = {isa = PBXFileReference; lastKnownFileType = sourcecode.swift; path = ChallengesViewController.swift; sourceTree = "<group>"; };
		2F49405C24565D2300798257 /* ProfileViewController.swift */ = {isa = PBXFileReference; lastKnownFileType = sourcecode.swift; path = ProfileViewController.swift; sourceTree = "<group>"; };
		2F5BFBBC2446FA0A00C3F894 /* BeerTracker.app */ = {isa = PBXFileReference; explicitFileType = wrapper.application; includeInIndex = 0; path = BeerTracker.app; sourceTree = BUILT_PRODUCTS_DIR; };
		2F5BFBBF2446FA0A00C3F894 /* AppDelegate.swift */ = {isa = PBXFileReference; lastKnownFileType = sourcecode.swift; path = AppDelegate.swift; sourceTree = "<group>"; };
		2F5BFBC12446FA0A00C3F894 /* SceneDelegate.swift */ = {isa = PBXFileReference; lastKnownFileType = sourcecode.swift; path = SceneDelegate.swift; sourceTree = "<group>"; };
		2F5BFBC32446FA0A00C3F894 /* ViewController.swift */ = {isa = PBXFileReference; lastKnownFileType = sourcecode.swift; path = ViewController.swift; sourceTree = "<group>"; };
		2F5BFBC62446FA0A00C3F894 /* Base */ = {isa = PBXFileReference; lastKnownFileType = file.storyboard; name = Base; path = Base.lproj/Main.storyboard; sourceTree = "<group>"; };
		2F5BFBC82446FA0C00C3F894 /* Assets.xcassets */ = {isa = PBXFileReference; lastKnownFileType = folder.assetcatalog; path = Assets.xcassets; sourceTree = "<group>"; };
		2F5BFBCB2446FA0C00C3F894 /* Base */ = {isa = PBXFileReference; lastKnownFileType = file.storyboard; name = Base; path = Base.lproj/LaunchScreen.storyboard; sourceTree = "<group>"; };
		2F5BFBCD2446FA0C00C3F894 /* Info.plist */ = {isa = PBXFileReference; lastKnownFileType = text.plist.xml; path = Info.plist; sourceTree = "<group>"; };
		2F5BFBD32446FA5000C3F894 /* GoogleService-Info.plist */ = {isa = PBXFileReference; fileEncoding = 4; lastKnownFileType = text.plist.xml; path = "GoogleService-Info.plist"; sourceTree = "<group>"; };
		2F5BFBD82447082000C3F894 /* LoginViewController.swift */ = {isa = PBXFileReference; lastKnownFileType = sourcecode.swift; path = LoginViewController.swift; sourceTree = "<group>"; };
		2F5BFBDA2447082F00C3F894 /* SignupViewController.swift */ = {isa = PBXFileReference; lastKnownFileType = sourcecode.swift; path = SignupViewController.swift; sourceTree = "<group>"; };
		2F5BFBDD244719A400C3F894 /* Constants.swift */ = {isa = PBXFileReference; lastKnownFileType = sourcecode.swift; path = Constants.swift; sourceTree = "<group>"; };
		AE434DED4D8FB5A2B494036F /* Pods_BeerTracker.framework */ = {isa = PBXFileReference; explicitFileType = wrapper.framework; includeInIndex = 0; path = Pods_BeerTracker.framework; sourceTree = BUILT_PRODUCTS_DIR; };
		B7DE36E48CFAD1551048A989 /* Pods-BeerTracker.release.xcconfig */ = {isa = PBXFileReference; includeInIndex = 1; lastKnownFileType = text.xcconfig; name = "Pods-BeerTracker.release.xcconfig"; path = "Target Support Files/Pods-BeerTracker/Pods-BeerTracker.release.xcconfig"; sourceTree = "<group>"; };
		E5904BE7DFDB7D8926250CE2 /* Pods-BeerTracker.debug.xcconfig */ = {isa = PBXFileReference; includeInIndex = 1; lastKnownFileType = text.xcconfig; name = "Pods-BeerTracker.debug.xcconfig"; path = "Target Support Files/Pods-BeerTracker/Pods-BeerTracker.debug.xcconfig"; sourceTree = "<group>"; };
/* End PBXFileReference section */

/* Begin PBXFrameworksBuildPhase section */
		2F5BFBB92446FA0A00C3F894 /* Frameworks */ = {
			isa = PBXFrameworksBuildPhase;
			buildActionMask = 2147483647;
			files = (
				94E132FC5C9DBB3768DA5D08 /* Pods_BeerTracker.framework in Frameworks */,
			);
			runOnlyForDeploymentPostprocessing = 0;
		};
/* End PBXFrameworksBuildPhase section */

/* Begin PBXGroup section */
		2F1E13DE2458344C003E8B32 /* Models */ = {
			isa = PBXGroup;
			children = (
				2F1E13DF245845E9003E8B32 /* Beer.swift */,
			);
			path = Models;
			sourceTree = "<group>";
		};
		2F49405424565C1500798257 /* Login + Signup */ = {
			isa = PBXGroup;
			children = (
				2F5BFBC32446FA0A00C3F894 /* ViewController.swift */,
				2F5BFBD82447082000C3F894 /* LoginViewController.swift */,
				2F5BFBDA2447082F00C3F894 /* SignupViewController.swift */,
			);
			path = "Login + Signup";
			sourceTree = "<group>";
		};
		2F49405524565C9400798257 /* TabBar */ = {
			isa = PBXGroup;
			children = (
				2F204E3C24561E9E00152910 /* TabBarViewController.swift */,
				2F1E13E3245893B5003E8B32 /* Check-insViewController.swift */,
				2F49405824565CF100798257 /* WishlistViewController.swift */,
				2F49405224565B0A00798257 /* BeersViewController.swift */,
				2F49405A24565D1800798257 /* ChallengesViewController.swift */,
				2F49405C24565D2300798257 /* ProfileViewController.swift */,
			);
			path = TabBar;
			sourceTree = "<group>";
		};
		2F5BFBB32446FA0A00C3F894 = {
			isa = PBXGroup;
			children = (
				2F5BFBBE2446FA0A00C3F894 /* BeerTracker */,
				2F5BFBBD2446FA0A00C3F894 /* Products */,
				D80A82FE388D8C85693EAE43 /* Pods */,
				4266D24EDE364F750DDEDF01 /* Frameworks */,
			);
			sourceTree = "<group>";
		};
		2F5BFBBD2446FA0A00C3F894 /* Products */ = {
			isa = PBXGroup;
			children = (
				2F5BFBBC2446FA0A00C3F894 /* BeerTracker.app */,
			);
			name = Products;
			sourceTree = "<group>";
		};
		2F5BFBBE2446FA0A00C3F894 /* BeerTracker */ = {
			isa = PBXGroup;
			children = (
				2F1E13DE2458344C003E8B32 /* Models */,
				2F5BFBDC2447197500C3F894 /* Helpers */,
				2F5BFBD52447009200C3F894 /* ViewControllers */,
				2F5BFBBF2446FA0A00C3F894 /* AppDelegate.swift */,
				2F5BFBC12446FA0A00C3F894 /* SceneDelegate.swift */,
				2F5BFBC52446FA0A00C3F894 /* Main.storyboard */,
				2F5BFBC82446FA0C00C3F894 /* Assets.xcassets */,
				2F5BFBCA2446FA0C00C3F894 /* LaunchScreen.storyboard */,
				2F5BFBCD2446FA0C00C3F894 /* Info.plist */,
				2F5BFBD32446FA5000C3F894 /* GoogleService-Info.plist */,
			);
			path = BeerTracker;
			sourceTree = "<group>";
		};
		2F5BFBD52447009200C3F894 /* ViewControllers */ = {
			isa = PBXGroup;
			children = (
				2F49405424565C1500798257 /* Login + Signup */,
				2F49405524565C9400798257 /* TabBar */,
			);
			path = ViewControllers;
			sourceTree = "<group>";
		};
		2F5BFBDC2447197500C3F894 /* Helpers */ = {
			isa = PBXGroup;
			children = (
				2F5BFBDD244719A400C3F894 /* Constants.swift */,
			);
			path = Helpers;
			sourceTree = "<group>";
		};
		4266D24EDE364F750DDEDF01 /* Frameworks */ = {
			isa = PBXGroup;
			children = (
				AE434DED4D8FB5A2B494036F /* Pods_BeerTracker.framework */,
			);
			name = Frameworks;
			sourceTree = "<group>";
		};
		D80A82FE388D8C85693EAE43 /* Pods */ = {
			isa = PBXGroup;
			children = (
				E5904BE7DFDB7D8926250CE2 /* Pods-BeerTracker.debug.xcconfig */,
				B7DE36E48CFAD1551048A989 /* Pods-BeerTracker.release.xcconfig */,
			);
			path = Pods;
			sourceTree = "<group>";
		};
/* End PBXGroup section */

/* Begin PBXNativeTarget section */
		2F5BFBBB2446FA0A00C3F894 /* BeerTracker */ = {
			isa = PBXNativeTarget;
			buildConfigurationList = 2F5BFBD02446FA0C00C3F894 /* Build configuration list for PBXNativeTarget "BeerTracker" */;
			buildPhases = (
				475086D4D4D4F4B9862F4090 /* [CP] Check Pods Manifest.lock */,
				2F5BFBB82446FA0A00C3F894 /* Sources */,
				2F5BFBB92446FA0A00C3F894 /* Frameworks */,
				2F5BFBBA2446FA0A00C3F894 /* Resources */,
				EBE0BD791608785B15ECF419 /* [CP] Embed Pods Frameworks */,
			);
			buildRules = (
			);
			dependencies = (
			);
			name = BeerTracker;
			productName = BeerTracker;
			productReference = 2F5BFBBC2446FA0A00C3F894 /* BeerTracker.app */;
			productType = "com.apple.product-type.application";
		};
/* End PBXNativeTarget section */

/* Begin PBXProject section */
		2F5BFBB42446FA0A00C3F894 /* Project object */ = {
			isa = PBXProject;
			attributes = {
				LastSwiftUpdateCheck = 1140;
				LastUpgradeCheck = 1140;
				ORGANIZATIONNAME = FMI;
				TargetAttributes = {
					2F5BFBBB2446FA0A00C3F894 = {
						CreatedOnToolsVersion = 11.4;
					};
				};
			};
			buildConfigurationList = 2F5BFBB72446FA0A00C3F894 /* Build configuration list for PBXProject "BeerTracker" */;
			compatibilityVersion = "Xcode 9.3";
			developmentRegion = en;
			hasScannedForEncodings = 0;
			knownRegions = (
				en,
				Base,
			);
			mainGroup = 2F5BFBB32446FA0A00C3F894;
			productRefGroup = 2F5BFBBD2446FA0A00C3F894 /* Products */;
			projectDirPath = "";
			projectRoot = "";
			targets = (
				2F5BFBBB2446FA0A00C3F894 /* BeerTracker */,
			);
		};
/* End PBXProject section */

/* Begin PBXResourcesBuildPhase section */
		2F5BFBBA2446FA0A00C3F894 /* Resources */ = {
			isa = PBXResourcesBuildPhase;
			buildActionMask = 2147483647;
			files = (
				2F5BFBCC2446FA0C00C3F894 /* LaunchScreen.storyboard in Resources */,
				2F5BFBD42446FA5100C3F894 /* GoogleService-Info.plist in Resources */,
				2F5BFBC92446FA0C00C3F894 /* Assets.xcassets in Resources */,
				2F5BFBC72446FA0A00C3F894 /* Main.storyboard in Resources */,
			);
			runOnlyForDeploymentPostprocessing = 0;
		};
/* End PBXResourcesBuildPhase section */

/* Begin PBXShellScriptBuildPhase section */
		475086D4D4D4F4B9862F4090 /* [CP] Check Pods Manifest.lock */ = {
			isa = PBXShellScriptBuildPhase;
			buildActionMask = 2147483647;
			files = (
			);
			inputFileListPaths = (
			);
			inputPaths = (
				"${PODS_PODFILE_DIR_PATH}/Podfile.lock",
				"${PODS_ROOT}/Manifest.lock",
			);
			name = "[CP] Check Pods Manifest.lock";
			outputFileListPaths = (
			);
			outputPaths = (
				"$(DERIVED_FILE_DIR)/Pods-BeerTracker-checkManifestLockResult.txt",
			);
			runOnlyForDeploymentPostprocessing = 0;
			shellPath = /bin/sh;
			shellScript = "diff \"${PODS_PODFILE_DIR_PATH}/Podfile.lock\" \"${PODS_ROOT}/Manifest.lock\" > /dev/null\nif [ $? != 0 ] ; then\n    # print error to STDERR\n    echo \"error: The sandbox is not in sync with the Podfile.lock. Run 'pod install' or update your CocoaPods installation.\" >&2\n    exit 1\nfi\n# This output is used by Xcode 'outputs' to avoid re-running this script phase.\necho \"SUCCESS\" > \"${SCRIPT_OUTPUT_FILE_0}\"\n";
			showEnvVarsInLog = 0;
		};
		EBE0BD791608785B15ECF419 /* [CP] Embed Pods Frameworks */ = {
			isa = PBXShellScriptBuildPhase;
			buildActionMask = 2147483647;
			files = (
			);
			inputFileListPaths = (
				"${PODS_ROOT}/Target Support Files/Pods-BeerTracker/Pods-BeerTracker-frameworks-${CONFIGURATION}-input-files.xcfilelist",
			);
			name = "[CP] Embed Pods Frameworks";
			outputFileListPaths = (
				"${PODS_ROOT}/Target Support Files/Pods-BeerTracker/Pods-BeerTracker-frameworks-${CONFIGURATION}-output-files.xcfilelist",
			);
			runOnlyForDeploymentPostprocessing = 0;
			shellPath = /bin/sh;
			shellScript = "\"${PODS_ROOT}/Target Support Files/Pods-BeerTracker/Pods-BeerTracker-frameworks.sh\"\n";
			showEnvVarsInLog = 0;
		};
/* End PBXShellScriptBuildPhase section */

/* Begin PBXSourcesBuildPhase section */
		2F5BFBB82446FA0A00C3F894 /* Sources */ = {
			isa = PBXSourcesBuildPhase;
			buildActionMask = 2147483647;
			files = (
				2F49405B24565D1800798257 /* ChallengesViewController.swift in Sources */,
				2F204E3D24561E9E00152910 /* TabBarViewController.swift in Sources */,
				2F5BFBDB2447082F00C3F894 /* SignupViewController.swift in Sources */,
				2F5BFBC42446FA0A00C3F894 /* ViewController.swift in Sources */,
				2F1E13E0245845E9003E8B32 /* Beer.swift in Sources */,
				2F5BFBC02446FA0A00C3F894 /* AppDelegate.swift in Sources */,
				2F49405D24565D2300798257 /* ProfileViewController.swift in Sources */,
				2F49405324565B0A00798257 /* BeersViewController.swift in Sources */,
				2F5BFBC22446FA0A00C3F894 /* SceneDelegate.swift in Sources */,
				2F1E13E4245893B5003E8B32 /* Check-insViewController.swift in Sources */,
				2F49405924565CF100798257 /* WishlistViewController.swift in Sources */,
				2F5BFBDE244719A400C3F894 /* Constants.swift in Sources */,
				2F5BFBD92447082000C3F894 /* LoginViewController.swift in Sources */,
			);
			runOnlyForDeploymentPostprocessing = 0;
		};
/* End PBXSourcesBuildPhase section */

/* Begin PBXVariantGroup section */
		2F5BFBC52446FA0A00C3F894 /* Main.storyboard */ = {
			isa = PBXVariantGroup;
			children = (
				2F5BFBC62446FA0A00C3F894 /* Base */,
			);
			name = Main.storyboard;
			sourceTree = "<group>";
		};
		2F5BFBCA2446FA0C00C3F894 /* LaunchScreen.storyboard */ = {
			isa = PBXVariantGroup;
			children = (
				2F5BFBCB2446FA0C00C3F894 /* Base */,
			);
			name = LaunchScreen.storyboard;
			sourceTree = "<group>";
		};
/* End PBXVariantGroup section */

/* Begin XCBuildConfiguration section */
		2F5BFBCE2446FA0C00C3F894 /* Debug */ = {
			isa = XCBuildConfiguration;
			buildSettings = {
				ALWAYS_SEARCH_USER_PATHS = NO;
				CLANG_ANALYZER_NONNULL = YES;
				CLANG_ANALYZER_NUMBER_OBJECT_CONVERSION = YES_AGGRESSIVE;
				CLANG_CXX_LANGUAGE_STANDARD = "gnu++14";
				CLANG_CXX_LIBRARY = "libc++";
				CLANG_ENABLE_MODULES = YES;
				CLANG_ENABLE_OBJC_ARC = YES;
				CLANG_ENABLE_OBJC_WEAK = YES;
				CLANG_WARN_BLOCK_CAPTURE_AUTORELEASING = YES;
				CLANG_WARN_BOOL_CONVERSION = YES;
				CLANG_WARN_COMMA = YES;
				CLANG_WARN_CONSTANT_CONVERSION = YES;
				CLANG_WARN_DEPRECATED_OBJC_IMPLEMENTATIONS = YES;
				CLANG_WARN_DIRECT_OBJC_ISA_USAGE = YES_ERROR;
				CLANG_WARN_DOCUMENTATION_COMMENTS = YES;
				CLANG_WARN_EMPTY_BODY = YES;
				CLANG_WARN_ENUM_CONVERSION = YES;
				CLANG_WARN_INFINITE_RECURSION = YES;
				CLANG_WARN_INT_CONVERSION = YES;
				CLANG_WARN_NON_LITERAL_NULL_CONVERSION = YES;
				CLANG_WARN_OBJC_IMPLICIT_RETAIN_SELF = YES;
				CLANG_WARN_OBJC_LITERAL_CONVERSION = YES;
				CLANG_WARN_OBJC_ROOT_CLASS = YES_ERROR;
				CLANG_WARN_RANGE_LOOP_ANALYSIS = YES;
				CLANG_WARN_STRICT_PROTOTYPES = YES;
				CLANG_WARN_SUSPICIOUS_MOVE = YES;
				CLANG_WARN_UNGUARDED_AVAILABILITY = YES_AGGRESSIVE;
				CLANG_WARN_UNREACHABLE_CODE = YES;
				CLANG_WARN__DUPLICATE_METHOD_MATCH = YES;
				COPY_PHASE_STRIP = NO;
				DEBUG_INFORMATION_FORMAT = dwarf;
				ENABLE_STRICT_OBJC_MSGSEND = YES;
				ENABLE_TESTABILITY = YES;
				GCC_C_LANGUAGE_STANDARD = gnu11;
				GCC_DYNAMIC_NO_PIC = NO;
				GCC_NO_COMMON_BLOCKS = YES;
				GCC_OPTIMIZATION_LEVEL = 0;
				GCC_PREPROCESSOR_DEFINITIONS = (
					"DEBUG=1",
					"$(inherited)",
				);
				GCC_WARN_64_TO_32_BIT_CONVERSION = YES;
				GCC_WARN_ABOUT_RETURN_TYPE = YES_ERROR;
				GCC_WARN_UNDECLARED_SELECTOR = YES;
				GCC_WARN_UNINITIALIZED_AUTOS = YES_AGGRESSIVE;
				GCC_WARN_UNUSED_FUNCTION = YES;
				GCC_WARN_UNUSED_VARIABLE = YES;
				IPHONEOS_DEPLOYMENT_TARGET = 13.4;
				MTL_ENABLE_DEBUG_INFO = INCLUDE_SOURCE;
				MTL_FAST_MATH = YES;
				ONLY_ACTIVE_ARCH = YES;
				SDKROOT = iphoneos;
				SWIFT_ACTIVE_COMPILATION_CONDITIONS = DEBUG;
				SWIFT_OPTIMIZATION_LEVEL = "-Onone";
			};
			name = Debug;
		};
		2F5BFBCF2446FA0C00C3F894 /* Release */ = {
			isa = XCBuildConfiguration;
			buildSettings = {
				ALWAYS_SEARCH_USER_PATHS = NO;
				CLANG_ANALYZER_NONNULL = YES;
				CLANG_ANALYZER_NUMBER_OBJECT_CONVERSION = YES_AGGRESSIVE;
				CLANG_CXX_LANGUAGE_STANDARD = "gnu++14";
				CLANG_CXX_LIBRARY = "libc++";
				CLANG_ENABLE_MODULES = YES;
				CLANG_ENABLE_OBJC_ARC = YES;
				CLANG_ENABLE_OBJC_WEAK = YES;
				CLANG_WARN_BLOCK_CAPTURE_AUTORELEASING = YES;
				CLANG_WARN_BOOL_CONVERSION = YES;
				CLANG_WARN_COMMA = YES;
				CLANG_WARN_CONSTANT_CONVERSION = YES;
				CLANG_WARN_DEPRECATED_OBJC_IMPLEMENTATIONS = YES;
				CLANG_WARN_DIRECT_OBJC_ISA_USAGE = YES_ERROR;
				CLANG_WARN_DOCUMENTATION_COMMENTS = YES;
				CLANG_WARN_EMPTY_BODY = YES;
				CLANG_WARN_ENUM_CONVERSION = YES;
				CLANG_WARN_INFINITE_RECURSION = YES;
				CLANG_WARN_INT_CONVERSION = YES;
				CLANG_WARN_NON_LITERAL_NULL_CONVERSION = YES;
				CLANG_WARN_OBJC_IMPLICIT_RETAIN_SELF = YES;
				CLANG_WARN_OBJC_LITERAL_CONVERSION = YES;
				CLANG_WARN_OBJC_ROOT_CLASS = YES_ERROR;
				CLANG_WARN_RANGE_LOOP_ANALYSIS = YES;
				CLANG_WARN_STRICT_PROTOTYPES = YES;
				CLANG_WARN_SUSPICIOUS_MOVE = YES;
				CLANG_WARN_UNGUARDED_AVAILABILITY = YES_AGGRESSIVE;
				CLANG_WARN_UNREACHABLE_CODE = YES;
				CLANG_WARN__DUPLICATE_METHOD_MATCH = YES;
				COPY_PHASE_STRIP = NO;
				DEBUG_INFORMATION_FORMAT = "dwarf-with-dsym";
				ENABLE_NS_ASSERTIONS = NO;
				ENABLE_STRICT_OBJC_MSGSEND = YES;
				GCC_C_LANGUAGE_STANDARD = gnu11;
				GCC_NO_COMMON_BLOCKS = YES;
				GCC_WARN_64_TO_32_BIT_CONVERSION = YES;
				GCC_WARN_ABOUT_RETURN_TYPE = YES_ERROR;
				GCC_WARN_UNDECLARED_SELECTOR = YES;
				GCC_WARN_UNINITIALIZED_AUTOS = YES_AGGRESSIVE;
				GCC_WARN_UNUSED_FUNCTION = YES;
				GCC_WARN_UNUSED_VARIABLE = YES;
				IPHONEOS_DEPLOYMENT_TARGET = 13.4;
				MTL_ENABLE_DEBUG_INFO = NO;
				MTL_FAST_MATH = YES;
				SDKROOT = iphoneos;
				SWIFT_COMPILATION_MODE = wholemodule;
				SWIFT_OPTIMIZATION_LEVEL = "-O";
				VALIDATE_PRODUCT = YES;
			};
			name = Release;
		};
		2F5BFBD12446FA0C00C3F894 /* Debug */ = {
			isa = XCBuildConfiguration;
			baseConfigurationReference = E5904BE7DFDB7D8926250CE2 /* Pods-BeerTracker.debug.xcconfig */;
			buildSettings = {
				ASSETCATALOG_COMPILER_APPICON_NAME = AppIcon;
				CODE_SIGN_STYLE = Automatic;
				DEVELOPMENT_TEAM = N9N8B3U8QV;
				INFOPLIST_FILE = BeerTracker/Info.plist;
				LD_RUNPATH_SEARCH_PATHS = (
					"$(inherited)",
					"@executable_path/Frameworks",
				);
				PRODUCT_BUNDLE_IDENTIFIER = fmi.unibuc.BeerTracker;
				PRODUCT_NAME = "$(TARGET_NAME)";
				SWIFT_VERSION = 5.0;
				TARGETED_DEVICE_FAMILY = 1;
			};
			name = Debug;
		};
		2F5BFBD22446FA0C00C3F894 /* Release */ = {
			isa = XCBuildConfiguration;
			baseConfigurationReference = B7DE36E48CFAD1551048A989 /* Pods-BeerTracker.release.xcconfig */;
			buildSettings = {
				ASSETCATALOG_COMPILER_APPICON_NAME = AppIcon;
				CODE_SIGN_STYLE = Automatic;
				DEVELOPMENT_TEAM = N9N8B3U8QV;
				INFOPLIST_FILE = BeerTracker/Info.plist;
				LD_RUNPATH_SEARCH_PATHS = (
					"$(inherited)",
					"@executable_path/Frameworks",
				);
				PRODUCT_BUNDLE_IDENTIFIER = fmi.unibuc.BeerTracker;
				PRODUCT_NAME = "$(TARGET_NAME)";
				SWIFT_VERSION = 5.0;
				TARGETED_DEVICE_FAMILY = 1;
			};
			name = Release;
		};
/* End XCBuildConfiguration section */

/* Begin XCConfigurationList section */
		2F5BFBB72446FA0A00C3F894 /* Build configuration list for PBXProject "BeerTracker" */ = {
			isa = XCConfigurationList;
			buildConfigurations = (
				2F5BFBCE2446FA0C00C3F894 /* Debug */,
				2F5BFBCF2446FA0C00C3F894 /* Release */,
			);
			defaultConfigurationIsVisible = 0;
			defaultConfigurationName = Release;
		};
		2F5BFBD02446FA0C00C3F894 /* Build configuration list for PBXNativeTarget "BeerTracker" */ = {
			isa = XCConfigurationList;
			buildConfigurations = (
				2F5BFBD12446FA0C00C3F894 /* Debug */,
				2F5BFBD22446FA0C00C3F894 /* Release */,
			);
			defaultConfigurationIsVisible = 0;
			defaultConfigurationName = Release;
		};
/* End XCConfigurationList section */
	};
	rootObject = 2F5BFBB42446FA0A00C3F894 /* Project object */;
}
